{
  "name": "my-app",
  "version": "1.0.0",
  "lockfileVersion": 3,
  "requires": true,
  "packages": {
    "": {
      "name": "my-app",
      "version": "1.0.0",
      "license": "ISC",
      "dependencies": {
        "@fastly/compute-js-static-publish": "file:/home/doco/dev/gcore/playground/fastly/next-app/compute-js-static-publish",
        "@fastly/next-compute-js": "file:/home/doco/dev/gcore/playground/fastly/next-app/next-compute-js",
        "next": "12.3.0",
        "react": "^18.3.1",
        "react-dom": "^18.3.1"
      }
    },
    "../compute-js-static-publish": {
      "name": "@fastly/compute-js-static-publish",
      "version": "6.1.0",
      "license": "MIT",
      "dependencies": {
        "command-line-args": "^5.2.1",
        "glob-to-regexp": "^0.4.1"
      },
      "bin": {
        "compute-js-static-publish": "build/cli/index.js"
      },
      "devDependencies": {
        "@fastly/js-compute": "^3.0.0",
        "@types/command-line-args": "^5.2.0",
        "@types/glob-to-regexp": "^0.4.1",
        "@types/node": "^18.0.0",
        "rimraf": "^4.3.0",
        "typescript": "^5.0.2"
      },
      "engines": {
        "node": ">=18"
      },
      "peerDependencies": {
        "@fastly/js-compute": "^2.0.0 || ^3.0.0"
      }
    },
    "../next-compute-js": {
      "name": "@fastly/next-compute-js",
      "version": "0.9.0",
      "license": "MIT",
      "dependencies": {
        "@fastly/http-compute-js": "^0.3.2",
        "accepts": "^1.3.8",
        "arg": "^5.0.2",
        "chalk": "^4.1.2",
        "compression": "^1.7.4",
        "nunjucks": "^3.2.3",
        "pkg-up": "^3.1.0",
        "raw-body": "^2.5.1"
      },
      "bin": {
        "check-next-version": "build/src/bin/check-next-version.js",
        "next-compute-js": "build/src/bin/next-compute-js.js"
      },
      "devDependencies": {
        "@fastly/js-compute": "^1.0.0",
        "@types/accepts": "^1.3.5",
        "@types/assert": "^1.5.6",
        "@types/compression": "^1.7.2",
        "@types/mocha": "^9.1.1",
        "@types/node": "^18.0.6",
        "@types/nunjucks": "^3.2.1",
        "@types/sinon": "^10.0.13",
        "assert": "^2.0.0",
        "events": "^3.3.0",
        "mocha": "^10.2.0",
        "next": "12.3.0",
        "nyc": "^15.1.0",
        "sinon": "^14.0.0",
        "ts-mocha": "^10.0.0",
        "typescript": "^4.7.4"
      },
      "peerDependencies": {
        "next": "12.3.0",
        "react": "^17.0.2 || ^18.0.0-0",
        "react-dom": "^17.0.2 || ^18.0.0-0"
      }
    },
    "../next-compute-js/package.json": {
      "extraneous": true
    },
    "node_modules/@fastly/compute-js-static-publish": {
      "resolved": "../compute-js-static-publish",
      "link": true
    },
    "node_modules/@fastly/next-compute-js": {
      "resolved": "../next-compute-js",
      "link": true
    },
    "node_modules/@next/env": {
      "version": "12.3.0",
      "resolved": "https://registry.npmjs.org/@next/env/-/env-12.3.0.tgz",
      "integrity": "sha512-PTJpjAFVbzBQ9xXpzMTroShvD5YDIIy46jQ7d4LrWpY+/5a8H90Tm8hE3Hvkc5RBRspVo7kvEOnqQms0A+2Q6w=="
    },
    "node_modules/@next/swc-android-arm-eabi": {
      "version": "12.3.0",
      "resolved": "https://registry.npmjs.org/@next/swc-android-arm-eabi/-/swc-android-arm-eabi-12.3.0.tgz",
      "integrity": "sha512-/PuirPnAKsYBw93w/7Q9hqy+KGOU9mjYprZ/faxMUJh/dc6v3rYLxkZKNG9nFPIW4QKNTCnhP40xF9hLnxO+xg==",
      "cpu": [
        "arm"
      ],
      "optional": true,
      "os": [
        "android"
      ],
      "engines": {
        "node": ">= 10"
      }
    },
    "node_modules/@next/swc-android-arm64": {
      "version": "12.3.0",
      "resolved": "https://registry.npmjs.org/@next/swc-android-arm64/-/swc-android-arm64-12.3.0.tgz",
      "integrity": "sha512-OaI+FhAM6P9B6Ybwbn0Zl8YwWido0lLwhDBi9WiYCh4RQmIXAyVIoIJPHo4fP05+mXaJ/k1trvDvuURvHOq2qw==",
      "cpu": [
        "arm64"
      ],
      "optional": true,
      "os": [
        "android"
      ],
      "engines": {
        "node": ">= 10"
      }
    },
    "node_modules/@next/swc-darwin-arm64": {
      "version": "12.3.0",
      "resolved": "https://registry.npmjs.org/@next/swc-darwin-arm64/-/swc-darwin-arm64-12.3.0.tgz",
      "integrity": "sha512-9s4d3Mhii+WFce8o8Jok7WC3Bawkr9wEUU++SJRptjU1L5tsfYJMrSYCACHLhZujziNDLyExe4Hwwsccps1sfg==",
      "cpu": [
        "arm64"
      ],
      "optional": true,
      "os": [
        "darwin"
      ],
      "engines": {
        "node": ">= 10"
      }
    },
    "node_modules/@next/swc-darwin-x64": {
      "version": "12.3.0",
      "resolved": "https://registry.npmjs.org/@next/swc-darwin-x64/-/swc-darwin-x64-12.3.0.tgz",
      "integrity": "sha512-2scC4MqUTwGwok+wpVxP+zWp7WcCAVOtutki2E1n99rBOTnUOX6qXkgxSy083yBN6GqwuC/dzHeN7hIKjavfRA==",
      "cpu": [
        "x64"
      ],
      "optional": true,
      "os": [
        "darwin"
      ],
      "engines": {
        "node": ">= 10"
      }
    },
    "node_modules/@next/swc-freebsd-x64": {
      "version": "12.3.0",
      "resolved": "https://registry.npmjs.org/@next/swc-freebsd-x64/-/swc-freebsd-x64-12.3.0.tgz",
      "integrity": "sha512-xAlruUREij/bFa+qsE1tmsP28t7vz02N4ZDHt2lh3uJUniE0Ne9idyIDLc1Ed0IF2RjfgOp4ZVunuS3OM0sngw==",
      "cpu": [
        "x64"
      ],
      "optional": true,
      "os": [
        "freebsd"
      ],
      "engines": {
        "node": ">= 10"
      }
    },
    "node_modules/@next/swc-linux-arm-gnueabihf": {
      "version": "12.3.0",
      "resolved": "https://registry.npmjs.org/@next/swc-linux-arm-gnueabihf/-/swc-linux-arm-gnueabihf-12.3.0.tgz",
      "integrity": "sha512-jin2S4VT/cugc2dSZEUIabhYDJNgrUh7fufbdsaAezgcQzqfdfJqfxl4E9GuafzB4cbRPTaqA0V5uqbp0IyGkQ==",
      "cpu": [
        "arm"
      ],
      "optional": true,
      "os": [
        "linux"
      ],
      "engines": {
        "node": ">= 10"
      }
    },
    "node_modules/@next/swc-linux-arm64-gnu": {
      "version": "12.3.0",
      "resolved": "https://registry.npmjs.org/@next/swc-linux-arm64-gnu/-/swc-linux-arm64-gnu-12.3.0.tgz",
      "integrity": "sha512-RqJHDKe0WImeUrdR0kayTkRWgp4vD/MS7g0r6Xuf8+ellOFH7JAAJffDW3ayuVZeMYOa7RvgNFcOoWnrTUl9Nw==",
      "cpu": [
        "arm64"
      ],
      "optional": true,
      "os": [
        "linux"
      ],
      "engines": {
        "node": ">= 10"
      }
    },
    "node_modules/@next/swc-linux-arm64-musl": {
      "version": "12.3.0",
      "resolved": "https://registry.npmjs.org/@next/swc-linux-arm64-musl/-/swc-linux-arm64-musl-12.3.0.tgz",
      "integrity": "sha512-nvNWoUieMjvDjpYJ/4SQe9lQs2xMj6ZRs8N+bmTrVu9leY2Fg3WD6W9p/1uU9hGO8u+OdF13wc4iRShu/WYIHg==",
      "cpu": [
        "arm64"
      ],
      "optional": true,
      "os": [
        "linux"
      ],
      "engines": {
        "node": ">= 10"
      }
    },
    "node_modules/@next/swc-linux-x64-gnu": {
      "version": "12.3.0",
      "resolved": "https://registry.npmjs.org/@next/swc-linux-x64-gnu/-/swc-linux-x64-gnu-12.3.0.tgz",
      "integrity": "sha512-4ajhIuVU9PeQCMMhdDgZTLrHmjbOUFuIyg6J19hZqwEwDTSqQyrSLkbJs2Nd7IRiM6Ul/XyrtEFCpk4k+xD2+w==",
      "cpu": [
        "x64"
      ],
      "optional": true,
      "os": [
        "linux"
      ],
      "engines": {
        "node": ">= 10"
      }
    },
    "node_modules/@next/swc-linux-x64-musl": {
      "version": "12.3.0",
      "resolved": "https://registry.npmjs.org/@next/swc-linux-x64-musl/-/swc-linux-x64-musl-12.3.0.tgz",
      "integrity": "sha512-U092RBYbaGxoMAwpauePJEu2PuZSEoUCGJBvsptQr2/2XIMwAJDYM4c/M5NfYEsBr+yjvsYNsOpYfeQ88D82Yg==",
      "cpu": [
        "x64"
      ],
      "optional": true,
      "os": [
        "linux"
      ],
      "engines": {
        "node": ">= 10"
      }
    },
    "node_modules/@next/swc-win32-arm64-msvc": {
      "version": "12.3.0",
      "resolved": "https://registry.npmjs.org/@next/swc-win32-arm64-msvc/-/swc-win32-arm64-msvc-12.3.0.tgz",
      "integrity": "sha512-pzSzaxjDEJe67bUok9Nxf9rykbJfHXW0owICFsPBsqHyc+cr8vpF7g9e2APTCddtVhvjkga9ILoZJ9NxWS7Yiw==",
      "cpu": [
        "arm64"
      ],
      "optional": true,
      "os": [
        "win32"
      ],
      "engines": {
        "node": ">= 10"
      }
    },
    "node_modules/@next/swc-win32-ia32-msvc": {
      "version": "12.3.0",
      "resolved": "https://registry.npmjs.org/@next/swc-win32-ia32-msvc/-/swc-win32-ia32-msvc-12.3.0.tgz",
      "integrity": "sha512-MQGUpMbYhQmTZ06a9e0hPQJnxFMwETo2WtyAotY3GEzbNCQVbCGhsvqEKcl+ZEHgShlHXUWvSffq1ZscY6gK7A==",
      "cpu": [
        "ia32"
      ],
      "optional": true,
      "os": [
        "win32"
      ],
      "engines": {
        "node": ">= 10"
      }
    },
    "node_modules/@next/swc-win32-x64-msvc": {
      "version": "12.3.0",
      "resolved": "https://registry.npmjs.org/@next/swc-win32-x64-msvc/-/swc-win32-x64-msvc-12.3.0.tgz",
      "integrity": "sha512-C/nw6OgQpEULWqs+wgMHXGvlJLguPRFFGqR2TAqWBerQ8J+Sg3z1ZTqwelkSi4FoqStGuZ2UdFHIDN1ySmR1xA==",
      "cpu": [
        "x64"
      ],
      "optional": true,
      "os": [
        "win32"
      ],
      "engines": {
        "node": ">= 10"
      }
    },
    "node_modules/@swc/helpers": {
      "version": "0.4.11",
      "resolved": "https://registry.npmjs.org/@swc/helpers/-/helpers-0.4.11.tgz",
      "integrity": "sha512-rEUrBSGIoSFuYxwBYtlUFMlE2CwGhmW+w9355/5oduSw8e5h2+Tj4UrAGNNgP9915++wj5vkQo0UuOBqOAq4nw==",
      "dependencies": {
        "tslib": "^2.4.0"
      }
    },
    "node_modules/caniuse-lite": {
      "version": "1.0.30001634",
      "resolved": "https://registry.npmjs.org/caniuse-lite/-/caniuse-lite-1.0.30001634.tgz",
      "integrity": "sha512-fbBYXQ9q3+yp1q1gBk86tOFs4pyn/yxFm5ZNP18OXJDfA3txImOY9PhfxVggZ4vRHDqoU8NrKU81eN0OtzOgRA==",
      "funding": [
        {
          "type": "opencollective",
          "url": "https://opencollective.com/browserslist"
        },
        {
          "type": "tidelift",
          "url": "https://tidelift.com/funding/github/npm/caniuse-lite"
        },
        {
          "type": "github",
          "url": "https://github.com/sponsors/ai"
        }
      ]
    },
    "node_modules/js-tokens": {
      "version": "4.0.0",
      "resolved": "https://registry.npmjs.org/js-tokens/-/js-tokens-4.0.0.tgz",
      "integrity": "sha512-RdJUflcE3cUzKiMqQgsCu06FPu9UdIJO0beYbPhHN4k6apgJtifcoCtT9bcxOpYBtpD2kCM6Sbzg4CausW/PKQ=="
    },
    "node_modules/loose-envify": {
      "version": "1.4.0",
      "resolved": "https://registry.npmjs.org/loose-envify/-/loose-envify-1.4.0.tgz",
      "integrity": "sha512-lyuxPGr/Wfhrlem2CL/UcnUc1zcqKAImBDzukY7Y5F/yQiNdko6+fRLevlw1HgMySw7f611UIY408EtxRSoK3Q==",
      "dependencies": {
        "js-tokens": "^3.0.0 || ^4.0.0"
      },
      "bin": {
        "loose-envify": "cli.js"
      }
    },
    "node_modules/nanoid": {
      "version": "3.3.7",
      "resolved": "https://registry.npmjs.org/nanoid/-/nanoid-3.3.7.tgz",
      "integrity": "sha512-eSRppjcPIatRIMC1U6UngP8XFcz8MQWGQdt1MTBQ7NaAmvXDfvNxbvWV3x2y6CdEUciCSsDHDQZbhYaB8QEo2g==",
      "funding": [
        {
          "type": "github",
          "url": "https://github.com/sponsors/ai"
        }
      ],
      "bin": {
        "nanoid": "bin/nanoid.cjs"
      },
      "engines": {
        "node": "^10 || ^12 || ^13.7 || ^14 || >=15.0.1"
      }
    },
    "node_modules/next": {
      "version": "12.3.0",
      "resolved": "https://registry.npmjs.org/next/-/next-12.3.0.tgz",
      "integrity": "sha512-GpzI6me9V1+XYtfK0Ae9WD0mKqHyzQlGq1xH1rzNIYMASo4Tkl4rTe9jSqtBpXFhOS33KohXs9ZY38Akkhdciw==",
      "dependencies": {
        "@next/env": "12.3.0",
        "@swc/helpers": "0.4.11",
        "caniuse-lite": "^1.0.30001332",
        "postcss": "8.4.14",
        "styled-jsx": "5.0.6",
        "use-sync-external-store": "1.2.0"
      },
      "bin": {
        "next": "dist/bin/next"
      },
      "engines": {
        "node": ">=12.22.0"
      },
      "optionalDependencies": {
        "@next/swc-android-arm-eabi": "12.3.0",
        "@next/swc-android-arm64": "12.3.0",
        "@next/swc-darwin-arm64": "12.3.0",
        "@next/swc-darwin-x64": "12.3.0",
        "@next/swc-freebsd-x64": "12.3.0",
        "@next/swc-linux-arm-gnueabihf": "12.3.0",
        "@next/swc-linux-arm64-gnu": "12.3.0",
        "@next/swc-linux-arm64-musl": "12.3.0",
        "@next/swc-linux-x64-gnu": "12.3.0",
        "@next/swc-linux-x64-musl": "12.3.0",
        "@next/swc-win32-arm64-msvc": "12.3.0",
        "@next/swc-win32-ia32-msvc": "12.3.0",
        "@next/swc-win32-x64-msvc": "12.3.0"
      },
      "peerDependencies": {
        "fibers": ">= 3.1.0",
        "node-sass": "^6.0.0 || ^7.0.0",
        "react": "^17.0.2 || ^18.0.0-0",
        "react-dom": "^17.0.2 || ^18.0.0-0",
        "sass": "^1.3.0"
      },
      "peerDependenciesMeta": {
        "fibers": {
          "optional": true
        },
        "node-sass": {
          "optional": true
        },
        "sass": {
          "optional": true
        }
      }
    },
    "node_modules/picocolors": {
      "version": "1.0.1",
      "resolved": "https://registry.npmjs.org/picocolors/-/picocolors-1.0.1.tgz",
      "integrity": "sha512-anP1Z8qwhkbmu7MFP5iTt+wQKXgwzf7zTyGlcdzabySa9vd0Xt392U0rVmz9poOaBj0uHJKyyo9/upk0HrEQew=="
    },
    "node_modules/postcss": {
      "version": "8.4.14",
      "resolved": "https://registry.npmjs.org/postcss/-/postcss-8.4.14.tgz",
      "integrity": "sha512-E398TUmfAYFPBSdzgeieK2Y1+1cpdxJx8yXbK/m57nRhKSmk1GB2tO4lbLBtlkfPQTDKfe4Xqv1ASWPpayPEig==",
      "funding": [
        {
          "type": "opencollective",
          "url": "https://opencollective.com/postcss/"
        },
        {
          "type": "tidelift",
          "url": "https://tidelift.com/funding/github/npm/postcss"
        }
      ],
      "dependencies": {
        "nanoid": "^3.3.4",
        "picocolors": "^1.0.0",
        "source-map-js": "^1.0.2"
      },
      "engines": {
        "node": "^10 || ^12 || >=14"
      }
    },
    "node_modules/react": {
      "version": "18.3.1",
      "resolved": "https://registry.npmjs.org/react/-/react-18.3.1.tgz",
      "integrity": "sha512-wS+hAgJShR0KhEvPJArfuPVN1+Hz1t0Y6n5jLrGQbkb4urgPE/0Rve+1kMB1v/oWgHgm4WIcV+i7F2pTVj+2iQ==",
      "dependencies": {
        "loose-envify": "^1.1.0"
      },
      "engines": {
        "node": ">=0.10.0"
      }
    },
    "node_modules/react-dom": {
      "version": "18.3.1",
      "resolved": "https://registry.npmjs.org/react-dom/-/react-dom-18.3.1.tgz",
      "integrity": "sha512-5m4nQKp+rZRb09LNH59GM4BxTh9251/ylbKIbpe7TpGxfJ+9kv6BLkLBXIjjspbgbnIBNqlI23tRnTWT0snUIw==",
      "dependencies": {
        "loose-envify": "^1.1.0",
        "scheduler": "^0.23.2"
      },
      "peerDependencies": {
        "react": "^18.3.1"
      }
    },
    "node_modules/scheduler": {
      "version": "0.23.2",
      "resolved": "https://registry.npmjs.org/scheduler/-/scheduler-0.23.2.tgz",
      "integrity": "sha512-UOShsPwz7NrMUqhR6t0hWjFduvOzbtv7toDH1/hIrfRNIDBnnBWd0CwJTGvTpngVlmwGCdP9/Zl/tVrDqcuYzQ==",
      "dependencies": {
        "loose-envify": "^1.1.0"
      }
    },
    "node_modules/source-map-js": {
      "version": "1.2.0",
      "resolved": "https://registry.npmjs.org/source-map-js/-/source-map-js-1.2.0.tgz",
      "integrity": "sha512-itJW8lvSA0TXEphiRoawsCksnlf8SyvmFzIhltqAHluXd88pkCd+cXJVHTDwdCr0IzwptSm035IHQktUu1QUMg==",
      "engines": {
        "node": ">=0.10.0"
      }
    },
    "node_modules/styled-jsx": {
      "version": "5.0.6",
      "resolved": "https://registry.npmjs.org/styled-jsx/-/styled-jsx-5.0.6.tgz",
      "integrity": "sha512-xOeROtkK5MGMDimBQ3J6iPId8q0t/BDoG5XN6oKkZClVz9ISF/hihN8OCn2LggMU6N32aXnrXBdn3auSqNS9fA==",
      "engines": {
        "node": ">= 12.0.0"
      },
      "peerDependencies": {
        "react": ">= 16.8.0 || 17.x.x || ^18.0.0-0"
      },
      "peerDependenciesMeta": {
        "@babel/core": {
          "optional": true
        },
        "babel-plugin-macros": {
          "optional": true
        }
      }
    },
    "node_modules/tslib": {
      "version": "2.6.3",
      "resolved": "https://registry.npmjs.org/tslib/-/tslib-2.6.3.tgz",
      "integrity": "sha512-xNvxJEOUiWPGhUuUdQgAJPKOOJfGnIyKySOc09XkKsgdUV/3E2zvwZYdejjmRgPCgcym1juLH3226yA7sEFJKQ=="
    },
    "node_modules/use-sync-external-store": {
      "version": "1.2.0",
      "resolved": "https://registry.npmjs.org/use-sync-external-store/-/use-sync-external-store-1.2.0.tgz",
      "integrity": "sha512-eEgnFxGQ1Ife9bzYs6VLi8/4X6CObHMw9Qr9tPY43iKwsPw8xE8+EFsf/2cFZ5S3esXgpWgtSCtLNS41F+sKPA==",
      "peerDependencies": {
        "react": "^16.8.0 || ^17.0.0 || ^18.0.0"
      }
    }
  }
}
